// !$*UTF8*$!
{
	archiveVersion = 1;
	classes = {
	};
	objectVersion = 50;
	objects = {

/* Begin PBXBuildFile section */
		9B2AFAE92643695200B342DD /* AppDelegate.swift in Sources */ = {isa = PBXBuildFile; fileRef = 9B2AFAE82643695200B342DD /* AppDelegate.swift */; };
		9B2AFAEB2643695200B342DD /* SceneDelegate.swift in Sources */ = {isa = PBXBuildFile; fileRef = 9B2AFAEA2643695200B342DD /* SceneDelegate.swift */; };
		9B2AFAED2643695200B342DD /* ViewController.swift in Sources */ = {isa = PBXBuildFile; fileRef = 9B2AFAEC2643695200B342DD /* ViewController.swift */; };
		9B2AFAF02643695200B342DD /* Main.storyboard in Resources */ = {isa = PBXBuildFile; fileRef = 9B2AFAEE2643695200B342DD /* Main.storyboard */; };
		9B2AFAF22643695200B342DD /* Assets.xcassets in Resources */ = {isa = PBXBuildFile; fileRef = 9B2AFAF12643695200B342DD /* Assets.xcassets */; };
		9B2AFAF52643695200B342DD /* LaunchScreen.storyboard in Resources */ = {isa = PBXBuildFile; fileRef = 9B2AFAF32643695200B342DD /* LaunchScreen.storyboard */; };
		9B9F50D92643733400351091 /* Constraints-Canvas.storyboard in Resources */ = {isa = PBXBuildFile; fileRef = 9B9F50D82643733400351091 /* Constraints-Canvas.storyboard */; };
		9B9F50DD2643738D00351091 /* SafeArea.storyboard in Resources */ = {isa = PBXBuildFile; fileRef = 9B9F50DC2643738D00351091 /* SafeArea.storyboard */; };
		9BBFC89726449254004ED73E /* Constraints.storyboard in Resources */ = {isa = PBXBuildFile; fileRef = 9BBFC89626449254004ED73E /* Constraints.storyboard */; };
		9BBFC89D264494B6004ED73E /* Multiplier.storyboard in Resources */ = {isa = PBXBuildFile; fileRef = 9BBFC89C264494B6004ED73E /* Multiplier.storyboard */; };
		9BBFC8A0264495BE004ED73E /* IntristicContentSize.storyboard in Resources */ = {isa = PBXBuildFile; fileRef = 9BBFC89F264495BE004ED73E /* IntristicContentSize.storyboard */; };
		9BBFC8A6264498E0004ED73E /* ContentHuggingPriority.storyboard in Resources */ = {isa = PBXBuildFile; fileRef = 9BBFC8A5264498E0004ED73E /* ContentHuggingPriority.storyboard */; };
		9BBFC8AC26449B34004ED73E /* example.storyboard in Resources */ = {isa = PBXBuildFile; fileRef = 9BBFC8AB26449B34004ED73E /* example.storyboard */; };
		9BDD0D57264582F00088A537 /* ConstraintViewController.swift in Sources */ = {isa = PBXBuildFile; fileRef = 9BDD0D56264582F00088A537 /* ConstraintViewController.swift */; };
/* End PBXBuildFile section */

/* Begin PBXFileReference section */
		9B2AFAE52643695200B342DD /* AutoLayout.v1.app */ = {isa = PBXFileReference; explicitFileType = wrapper.application; includeInIndex = 0; path = AutoLayout.v1.app; sourceTree = BUILT_PRODUCTS_DIR; };
		9B2AFAE82643695200B342DD /* AppDelegate.swift */ = {isa = PBXFileReference; lastKnownFileType = sourcecode.swift; path = AppDelegate.swift; sourceTree = "<group>"; };
		9B2AFAEA2643695200B342DD /* SceneDelegate.swift */ = {isa = PBXFileReference; lastKnownFileType = sourcecode.swift; path = SceneDelegate.swift; sourceTree = "<group>"; };
		9B2AFAEC2643695200B342DD /* ViewController.swift */ = {isa = PBXFileReference; lastKnownFileType = sourcecode.swift; path = ViewController.swift; sourceTree = "<group>"; };
		9B2AFAEF2643695200B342DD /* Base */ = {isa = PBXFileReference; lastKnownFileType = file.storyboard; name = Base; path = Base.lproj/Main.storyboard; sourceTree = "<group>"; };
		9B2AFAF12643695200B342DD /* Assets.xcassets */ = {isa = PBXFileReference; lastKnownFileType = folder.assetcatalog; path = Assets.xcassets; sourceTree = "<group>"; };
		9B2AFAF42643695200B342DD /* Base */ = {isa = PBXFileReference; lastKnownFileType = file.storyboard; name = Base; path = Base.lproj/LaunchScreen.storyboard; sourceTree = "<group>"; };
		9B2AFAF62643695200B342DD /* Info.plist */ = {isa = PBXFileReference; lastKnownFileType = text.plist.xml; path = Info.plist; sourceTree = "<group>"; };
		9B9F50D82643733400351091 /* Constraints-Canvas.storyboard */ = {isa = PBXFileReference; lastKnownFileType = file.storyboard; path = "Constraints-Canvas.storyboard"; sourceTree = "<group>"; };
		9B9F50DC2643738D00351091 /* SafeArea.storyboard */ = {isa = PBXFileReference; lastKnownFileType = file.storyboard; path = SafeArea.storyboard; sourceTree = "<group>"; };
		9BBFC89626449254004ED73E /* Constraints.storyboard */ = {isa = PBXFileReference; lastKnownFileType = file.storyboard; path = Constraints.storyboard; sourceTree = "<group>"; };
		9BBFC89C264494B6004ED73E /* Multiplier.storyboard */ = {isa = PBXFileReference; lastKnownFileType = file.storyboard; path = Multiplier.storyboard; sourceTree = "<group>"; };
		9BBFC89F264495BE004ED73E /* IntristicContentSize.storyboard */ = {isa = PBXFileReference; lastKnownFileType = file.storyboard; path = IntristicContentSize.storyboard; sourceTree = "<group>"; };
		9BBFC8A5264498E0004ED73E /* ContentHuggingPriority.storyboard */ = {isa = PBXFileReference; lastKnownFileType = file.storyboard; path = ContentHuggingPriority.storyboard; sourceTree = "<group>"; };
		9BBFC8AB26449B34004ED73E /* example.storyboard */ = {isa = PBXFileReference; lastKnownFileType = file.storyboard; path = example.storyboard; sourceTree = "<group>"; };
		9BDD0D56264582F00088A537 /* ConstraintViewController.swift */ = {isa = PBXFileReference; lastKnownFileType = sourcecode.swift; path = ConstraintViewController.swift; sourceTree = "<group>"; };
/* End PBXFileReference section */

/* Begin PBXFrameworksBuildPhase section */
		9B2AFAE22643695200B342DD /* Frameworks */ = {
			isa = PBXFrameworksBuildPhase;
			buildActionMask = 2147483647;
			files = (
			);
			runOnlyForDeploymentPostprocessing = 0;
		};
/* End PBXFrameworksBuildPhase section */

/* Begin PBXGroup section */
		9B2AFADC2643695200B342DD = {
			isa = PBXGroup;
			children = (
				9B2AFAE72643695200B342DD /* AutoLayout.v1 */,
				9B2AFAE62643695200B342DD /* Products */,
			);
			sourceTree = "<group>";
		};
		9B2AFAE62643695200B342DD /* Products */ = {
			isa = PBXGroup;
			children = (
				9B2AFAE52643695200B342DD /* AutoLayout.v1.app */,
			);
			name = Products;
			sourceTree = "<group>";
		};
		9B2AFAE72643695200B342DD /* AutoLayout.v1 */ = {
			isa = PBXGroup;
			children = (
				9B2AFAE82643695200B342DD /* AppDelegate.swift */,
				9B2AFAEA2643695200B342DD /* SceneDelegate.swift */,
				9B2AFAEC2643695200B342DD /* ViewController.swift */,
				9BDD0D56264582F00088A537 /* ConstraintViewController.swift */,
				9B2AFAEE2643695200B342DD /* Main.storyboard */,
				9B9F50DC2643738D00351091 /* SafeArea.storyboard */,
				9B9F50D82643733400351091 /* Constraints-Canvas.storyboard */,
				9BBFC89626449254004ED73E /* Constraints.storyboard */,
				9BBFC89C264494B6004ED73E /* Multiplier.storyboard */,
				9BBFC89F264495BE004ED73E /* IntristicContentSize.storyboard */,
				9BBFC8A5264498E0004ED73E /* ContentHuggingPriority.storyboard */,
				9BBFC8AB26449B34004ED73E /* example.storyboard */,
				9B2AFAF12643695200B342DD /* Assets.xcassets */,
				9B2AFAF32643695200B342DD /* LaunchScreen.storyboard */,
				9B2AFAF62643695200B342DD /* Info.plist */,
			);
			path = AutoLayout.v1;
			sourceTree = "<group>";
		};
/* End PBXGroup section */

/* Begin PBXNativeTarget section */
		9B2AFAE42643695200B342DD /* AutoLayout.v1 */ = {
			isa = PBXNativeTarget;
			buildConfigurationList = 9B2AFAF92643695200B342DD /* Build configuration list for PBXNativeTarget "AutoLayout.v1" */;
			buildPhases = (
				9B2AFAE12643695200B342DD /* Sources */,
				9B2AFAE22643695200B342DD /* Frameworks */,
				9B2AFAE32643695200B342DD /* Resources */,
			);
			buildRules = (
			);
			dependencies = (
			);
			name = AutoLayout.v1;
			productName = AutoLayout.v1;
			productReference = 9B2AFAE52643695200B342DD /* AutoLayout.v1.app */;
			productType = "com.apple.product-type.application";
		};
/* End PBXNativeTarget section */

/* Begin PBXProject section */
		9B2AFADD2643695200B342DD /* Project object */ = {
			isa = PBXProject;
			attributes = {
				LastSwiftUpdateCheck = 1240;
				LastUpgradeCheck = 1240;
				TargetAttributes = {
					9B2AFAE42643695200B342DD = {
						CreatedOnToolsVersion = 12.4;
					};
				};
			};
			buildConfigurationList = 9B2AFAE02643695200B342DD /* Build configuration list for PBXProject "AutoLayout.v1" */;
			compatibilityVersion = "Xcode 9.3";
			developmentRegion = en;
			hasScannedForEncodings = 0;
			knownRegions = (
				en,
				Base,
			);
			mainGroup = 9B2AFADC2643695200B342DD;
			productRefGroup = 9B2AFAE62643695200B342DD /* Products */;
			projectDirPath = "";
			projectRoot = "";
			targets = (
				9B2AFAE42643695200B342DD /* AutoLayout.v1 */,
			);
		};
/* End PBXProject section */

/* Begin PBXResourcesBuildPhase section */
		9B2AFAE32643695200B342DD /* Resources */ = {
			isa = PBXResourcesBuildPhase;
			buildActionMask = 2147483647;
			files = (
				9B2AFAF52643695200B342DD /* LaunchScreen.storyboard in Resources */,
				9BBFC8A6264498E0004ED73E /* ContentHuggingPriority.storyboard in Resources */,
				9BBFC8AC26449B34004ED73E /* example.storyboard in Resources */,
				9BBFC8A0264495BE004ED73E /* IntristicContentSize.storyboard in Resources */,
				9BBFC89726449254004ED73E /* Constraints.storyboard in Resources */,
				9BBFC89D264494B6004ED73E /* Multiplier.storyboard in Resources */,
				9B9F50DD2643738D00351091 /* SafeArea.storyboard in Resources */,
				9B9F50D92643733400351091 /* Constraints-Canvas.storyboard in Resources */,
				9B2AFAF22643695200B342DD /* Assets.xcassets in Resources */,
				9B2AFAF02643695200B342DD /* Main.storyboard in Resources */,
			);
			runOnlyForDeploymentPostprocessing = 0;
		};
/* End PBXResourcesBuildPhase section */

/* Begin PBXSourcesBuildPhase section */
		9B2AFAE12643695200B342DD /* Sources */ = {
			isa = PBXSourcesBuildPhase;
			buildActionMask = 2147483647;
			files = (
				9B2AFAED2643695200B342DD /* ViewController.swift in Sources */,
				9BDD0D57264582F00088A537 /* ConstraintViewController.swift in Sources */,
				9B2AFAE92643695200B342DD /* AppDelegate.swift in Sources */,
				9B2AFAEB2643695200B342DD /* SceneDelegate.swift in Sources */,
			);
			runOnlyForDeploymentPostprocessing = 0;
		};
/* End PBXSourcesBuildPhase section */

/* Begin PBXVariantGroup section */
		9B2AFAEE2643695200B342DD /* Main.storyboard */ = {
			isa = PBXVariantGroup;
			children = (
				9B2AFAEF2643695200B342DD /* Base */,
			);
			name = Main.storyboard;
			sourceTree = "<group>";
		};
		9B2AFAF32643695200B342DD /* LaunchScreen.storyboard */ = {
			isa = PBXVariantGroup;
			children = (
				9B2AFAF42643695200B342DD /* Base */,
			);
			name = LaunchScreen.storyboard;
			sourceTree = "<group>";
		};
/* End PBXVariantGroup section */

/* Begin XCBuildConfiguration section */
		9B2AFAF72643695200B342DD /* Debug */ = {
			isa = XCBuildConfiguration;
			buildSettings = {
				ALWAYS_SEARCH_USER_PATHS = NO;
				CLANG_ANALYZER_NONNULL = YES;
				CLANG_ANALYZER_NUMBER_OBJECT_CONVERSION = YES_AGGRESSIVE;
				CLANG_CXX_LANGUAGE_STANDARD = "gnu++14";
				CLANG_CXX_LIBRARY = "libc++";
				CLANG_ENABLE_MODULES = YES;
				CLANG_ENABLE_OBJC_ARC = YES;
				CLANG_ENABLE_OBJC_WEAK = YES;
				CLANG_WARN_BLOCK_CAPTURE_AUTORELEASING = YES;
				CLANG_WARN_BOOL_CONVERSION = YES;
				CLANG_WARN_COMMA = YES;
				CLANG_WARN_CONSTANT_CONVERSION = YES;
				CLANG_WARN_DEPRECATED_OBJC_IMPLEMENTATIONS = YES;
				CLANG_WARN_DIRECT_OBJC_ISA_USAGE = YES_ERROR;
				CLANG_WARN_DOCUMENTATION_COMMENTS = YES;
				CLANG_WARN_EMPTY_BODY = YES;
				CLANG_WARN_ENUM_CONVERSION = YES;
				CLANG_WARN_INFINITE_RECURSION = YES;
				CLANG_WARN_INT_CONVERSION = YES;
				CLANG_WARN_NON_LITERAL_NULL_CONVERSION = YES;
				CLANG_WARN_OBJC_IMPLICIT_RETAIN_SELF = YES;
				CLANG_WARN_OBJC_LITERAL_CONVERSION = YES;
				CLANG_WARN_OBJC_ROOT_CLASS = YES_ERROR;
				CLANG_WARN_QUOTED_INCLUDE_IN_FRAMEWORK_HEADER = YES;
				CLANG_WARN_RANGE_LOOP_ANALYSIS = YES;
				CLANG_WARN_STRICT_PROTOTYPES = YES;
				CLANG_WARN_SUSPICIOUS_MOVE = YES;
				CLANG_WARN_UNGUARDED_AVAILABILITY = YES_AGGRESSIVE;
				CLANG_WARN_UNREACHABLE_CODE = YES;
				CLANG_WARN__DUPLICATE_METHOD_MATCH = YES;
				COPY_PHASE_STRIP = NO;
				DEBUG_INFORMATION_FORMAT = dwarf;
				ENABLE_STRICT_OBJC_MSGSEND = YES;
				ENABLE_TESTABILITY = YES;
				GCC_C_LANGUAGE_STANDARD = gnu11;
				GCC_DYNAMIC_NO_PIC = NO;
				GCC_NO_COMMON_BLOCKS = YES;
				GCC_OPTIMIZATION_LEVEL = 0;
				GCC_PREPROCESSOR_DEFINITIONS = (
					"DEBUG=1",
					"$(inherited)",
				);
				GCC_WARN_64_TO_32_BIT_CONVERSION = YES;
				GCC_WARN_ABOUT_RETURN_TYPE = YES_ERROR;
				GCC_WARN_UNDECLARED_SELECTOR = YES;
				GCC_WARN_UNINITIALIZED_AUTOS = YES_AGGRESSIVE;
				GCC_WARN_UNUSED_FUNCTION = YES;
				GCC_WARN_UNUSED_VARIABLE = YES;
				IPHONEOS_DEPLOYMENT_TARGET = 14.4;
				MTL_ENABLE_DEBUG_INFO = INCLUDE_SOURCE;
				MTL_FAST_MATH = YES;
				ONLY_ACTIVE_ARCH = YES;
				SDKROOT = iphoneos;
				SWIFT_ACTIVE_COMPILATION_CONDITIONS = DEBUG;
				SWIFT_OPTIMIZATION_LEVEL = "-Onone";
			};
			name = Debug;
		};
		9B2AFAF82643695200B342DD /* Release */ = {
			isa = XCBuildConfiguration;
			buildSettings = {
				ALWAYS_SEARCH_USER_PATHS = NO;
				CLANG_ANALYZER_NONNULL = YES;
				CLANG_ANALYZER_NUMBER_OBJECT_CONVERSION = YES_AGGRESSIVE;
				CLANG_CXX_LANGUAGE_STANDARD = "gnu++14";
				CLANG_CXX_LIBRARY = "libc++";
				CLANG_ENABLE_MODULES = YES;
				CLANG_ENABLE_OBJC_ARC = YES;
				CLANG_ENABLE_OBJC_WEAK = YES;
				CLANG_WARN_BLOCK_CAPTURE_AUTORELEASING = YES;
				CLANG_WARN_BOOL_CONVERSION = YES;
				CLANG_WARN_COMMA = YES;
				CLANG_WARN_CONSTANT_CONVERSION = YES;
				CLANG_WARN_DEPRECATED_OBJC_IMPLEMENTATIONS = YES;
				CLANG_WARN_DIRECT_OBJC_ISA_USAGE = YES_ERROR;
				CLANG_WARN_DOCUMENTATION_COMMENTS = YES;
				CLANG_WARN_EMPTY_BODY = YES;
				CLANG_WARN_ENUM_CONVERSION = YES;
				CLANG_WARN_INFINITE_RECURSION = YES;
				CLANG_WARN_INT_CONVERSION = YES;
				CLANG_WARN_NON_LITERAL_NULL_CONVERSION = YES;
				CLANG_WARN_OBJC_IMPLICIT_RETAIN_SELF = YES;
				CLANG_WARN_OBJC_LITERAL_CONVERSION = YES;
				CLANG_WARN_OBJC_ROOT_CLASS = YES_ERROR;
				CLANG_WARN_QUOTED_INCLUDE_IN_FRAMEWORK_HEADER = YES;
				CLANG_WARN_RANGE_LOOP_ANALYSIS = YES;
				CLANG_WARN_STRICT_PROTOTYPES = YES;
				CLANG_WARN_SUSPICIOUS_MOVE = YES;
				CLANG_WARN_UNGUARDED_AVAILABILITY = YES_AGGRESSIVE;
				CLANG_WARN_UNREACHABLE_CODE = YES;
				CLANG_WARN__DUPLICATE_METHOD_MATCH = YES;
				COPY_PHASE_STRIP = NO;
				DEBUG_INFORMATION_FORMAT = "dwarf-with-dsym";
				ENABLE_NS_ASSERTIONS = NO;
				ENABLE_STRICT_OBJC_MSGSEND = YES;
				GCC_C_LANGUAGE_STANDARD = gnu11;
				GCC_NO_COMMON_BLOCKS = YES;
				GCC_WARN_64_TO_32_BIT_CONVERSION = YES;
				GCC_WARN_ABOUT_RETURN_TYPE = YES_ERROR;
				GCC_WARN_UNDECLARED_SELECTOR = YES;
				GCC_WARN_UNINITIALIZED_AUTOS = YES_AGGRESSIVE;
				GCC_WARN_UNUSED_FUNCTION = YES;
				GCC_WARN_UNUSED_VARIABLE = YES;
				IPHONEOS_DEPLOYMENT_TARGET = 14.4;
				MTL_ENABLE_DEBUG_INFO = NO;
				MTL_FAST_MATH = YES;
				SDKROOT = iphoneos;
				SWIFT_COMPILATION_MODE = wholemodule;
				SWIFT_OPTIMIZATION_LEVEL = "-O";
				VALIDATE_PRODUCT = YES;
			};
			name = Release;
		};
		9B2AFAFA2643695200B342DD /* Debug */ = {
			isa = XCBuildConfiguration;
			buildSettings = {
				ASSETCATALOG_COMPILER_APPICON_NAME = AppIcon;
				ASSETCATALOG_COMPILER_GLOBAL_ACCENT_COLOR_NAME = AccentColor;
				CODE_SIGN_STYLE = Automatic;
				INFOPLIST_FILE = AutoLayout.v1/Info.plist;
				LD_RUNPATH_SEARCH_PATHS = (
					"$(inherited)",
					"@executable_path/Frameworks",
				);
				PRODUCT_BUNDLE_IDENTIFIER = "com.suleturp.AutoLayout-v1";
				PRODUCT_NAME = "$(TARGET_NAME)";
				SWIFT_VERSION = 5.0;
				TARGETED_DEVICE_FAMILY = "1,2";
			};
			name = Debug;
		};
		9B2AFAFB2643695200B342DD /* Release */ = {
			isa = XCBuildConfiguration;
			buildSettings = {
				ASSETCATALOG_COMPILER_APPICON_NAME = AppIcon;
				ASSETCATALOG_COMPILER_GLOBAL_ACCENT_COLOR_NAME = AccentColor;
				CODE_SIGN_STYLE = Automatic;
				INFOPLIST_FILE = AutoLayout.v1/Info.plist;
				LD_RUNPATH_SEARCH_PATHS = (
					"$(inherited)",
					"@executable_path/Frameworks",
				);
				PRODUCT_BUNDLE_IDENTIFIER = "com.suleturp.AutoLayout-v1";
				PRODUCT_NAME = "$(TARGET_NAME)";
				SWIFT_VERSION = 5.0;
				TARGETED_DEVICE_FAMILY = "1,2";
			};
			name = Release;
		};
/* End XCBuildConfiguration section */

/* Begin XCConfigurationList section */
		9B2AFAE02643695200B342DD /* Build configuration list for PBXProject "AutoLayout.v1" */ = {
			isa = XCConfigurationList;
			buildConfigurations = (
				9B2AFAF72643695200B342DD /* Debug */,
				9B2AFAF82643695200B342DD /* Release */,
			);
			defaultConfigurationIsVisible = 0;
			defaultConfigurationName = Release;
		};
		9B2AFAF92643695200B342DD /* Build configuration list for PBXNativeTarget "AutoLayout.v1" */ = {
			isa = XCConfigurationList;
			buildConfigurations = (
				9B2AFAFA2643695200B342DD /* Debug */,
				9B2AFAFB2643695200B342DD /* Release */,
			);
			defaultConfigurationIsVisible = 0;
			defaultConfigurationName = Release;
		};
/* End XCConfigurationList section */
	};
	rootObject = 9B2AFADD2643695200B342DD /* Project object */;
}
